
Microsoft Visual Studio Solution File, Format Version 12.00
# Visual Studio 15
VisualStudioVersion = 15.0.28010.2003
MinimumVisualStudioVersion = 10.0.40219.1
Project("{FAE04EC0-301F-11D3-BF4B-00C04F79EFBC}") = "NetworkAdapterSelector.Hook", "NetworkAdapterSelector.Hook\NetworkAdapterSelector.Hook.csproj", "{DA87AB72-4183-4D28-ABD9-97B898AF780A}"
	ProjectSection(ProjectDependencies) = postProject
		{8C8BFF1F-D54F-474B-8652-17A44046998A} = {8C8BFF1F-D54F-474B-8652-17A44046998A}
	EndProjectSection
EndProject
Project("{FAE04EC0-301F-11D3-BF4B-00C04F79EFBC}") = "NetworkAdapterSelector.ShellExtension", "NetworkAdapterSelector.ShellExtension\NetworkAdapterSelector.ShellExtension.csproj", "{FBC0EA17-BB03-426B-864B-A0289CB00609}"
EndProject
Project("{FAE04EC0-301F-11D3-BF4B-00C04F79EFBC}") = "NetworkAdapterSelector.TestApp", "NetworkAdapterSelector.TestApp\NetworkAdapterSelector.TestApp.csproj", "{8C8BFF1F-D54F-474B-8652-17A44046998A}"
EndProject
Global
	GlobalSection(SolutionConfigurationPlatforms) = preSolution
		Debug|Any CPU = Debug|Any CPU
		Release|Any CPU = Release|Any CPU
	EndGlobalSection
	GlobalSection(ProjectConfigurationPlatforms) = postSolution
		{DA87AB72-4183-4D28-ABD9-97B898AF780A}.Debug|Any CPU.ActiveCfg = Debug|Any CPU
		{DA87AB72-4183-4D28-ABD9-97B898AF780A}.Debug|Any CPU.Build.0 = Debug|Any CPU
		{DA87AB72-4183-4D28-ABD9-97B898AF780A}.Release|Any CPU.ActiveCfg = Release|Any CPU
		{DA87AB72-4183-4D28-ABD9-97B898AF780A}.Release|Any CPU.Build.0 = Release|Any CPU
		{FBC0EA17-BB03-426B-864B-A0289CB00609}.Debug|Any CPU.ActiveCfg = Debug|Any CPU
		{FBC0EA17-BB03-426B-864B-A0289CB00609}.Debug|Any CPU.Build.0 = Debug|Any CPU
		{FBC0EA17-BB03-426B-864B-A0289CB00609}.Release|Any CPU.ActiveCfg = Release|Any CPU
		{FBC0EA17-BB03-426B-864B-A0289CB00609}.Release|Any CPU.Build.0 = Release|Any CPU
		{8C8BFF1F-D54F-474B-8652-17A44046998A}.Debug|Any CPU.ActiveCfg = Debug|Any CPU
		{8C8BFF1F-D54F-474B-8652-17A44046998A}.Debug|Any CPU.Build.0 = Debug|Any CPU
		{8C8BFF1F-D54F-474B-8652-17A44046998A}.Release|Any CPU.ActiveCfg = Release|Any CPU
		{8C8BFF1F-D54F-474B-8652-17A44046998A}.Release|Any CPU.Build.0 = Release|Any CPU
	EndGlobalSection
	GlobalSection(SolutionProperties) = preSolution
		HideSolutionNode = FALSE
	EndGlobalSection
	GlobalSection(ExtensibilityGlobals) = postSolution
		SolutionGuid = {86EAD9D9-67C9-492C-A4F8-F89C19B39CBD}
	EndGlobalSection
EndGlobal
